// !$*UTF8*$!
{
	archiveVersion = 1;
	classes = {
	};
	objectVersion = 46;
	objects = {

/* Begin PBXBuildFile section */
		3A4080B21A0BB965004FB3EE /* NotificationInvoker.m in Sources */ = {isa = PBXBuildFile; fileRef = 3A4080B11A0BB965004FB3EE /* NotificationInvoker.m */; };
		3AB435BD1A0E5408000F0BD8 /* CoreData.framework in Frameworks */ = {isa = PBXBuildFile; fileRef = 3AB435BC1A0E5408000F0BD8 /* CoreData.framework */; };
		3AB435C01A0E57E4000F0BD8 /* CoreDataEntities.xcdatamodeld in Sources */ = {isa = PBXBuildFile; fileRef = 3AB435BE1A0E57E4000F0BD8 /* CoreDataEntities.xcdatamodeld */; };
		3AB435C31A0E6324000F0BD8 /* CoreDataChatRoom.m in Sources */ = {isa = PBXBuildFile; fileRef = 3AB435C21A0E6324000F0BD8 /* CoreDataChatRoom.m */; };
		A48ACBE819FF9C2B00E1D629 /* ChatViewController.m in Sources */ = {isa = PBXBuildFile; fileRef = A48ACBE719FF9C2B00E1D629 /* ChatViewController.m */; };
		A48ACBEB19FFA44E00E1D629 /* ServerData.m in Sources */ = {isa = PBXBuildFile; fileRef = A48ACBEA19FFA44E00E1D629 /* ServerData.m */; };
		A48ACBEE19FFA4BD00E1D629 /* CameraHandler.m in Sources */ = {isa = PBXBuildFile; fileRef = A48ACBED19FFA4BD00E1D629 /* CameraHandler.m */; };
		A48ACBF119FFA5C000E1D629 /* GeoLocationHandler.m in Sources */ = {isa = PBXBuildFile; fileRef = A48ACBF019FFA5C000E1D629 /* GeoLocationHandler.m */; };
		A48ACBF519FFA60D00E1D629 /* ChatMessage.m in Sources */ = {isa = PBXBuildFile; fileRef = A48ACBF419FFA60D00E1D629 /* ChatMessage.m */; };
		A48ACBF819FFB6B200E1D629 /* ChatRooms.m in Sources */ = {isa = PBXBuildFile; fileRef = A48ACBF719FFB6B200E1D629 /* ChatRooms.m */; };
		A48ACBFE19FFB9A900E1D629 /* Response.m in Sources */ = {isa = PBXBuildFile; fileRef = A48ACBFD19FFB9A900E1D629 /* Response.m */; };
		A48ACC0119FFBC6900E1D629 /* LocalData.m in Sources */ = {isa = PBXBuildFile; fileRef = A48ACC0019FFBC6900E1D629 /* LocalData.m */; };
		A48ACC0419FFBFB800E1D629 /* ConnectionHandler.m in Sources */ = {isa = PBXBuildFile; fileRef = A48ACC0319FFBFB800E1D629 /* ConnectionHandler.m */; };
		A4EB4BBD19FE7B6800F26507 /* Foundation.framework in Frameworks */ = {isa = PBXBuildFile; fileRef = A4EB4BBC19FE7B6800F26507 /* Foundation.framework */; };
		A4EB4BBF19FE7B6800F26507 /* CoreGraphics.framework in Frameworks */ = {isa = PBXBuildFile; fileRef = A4EB4BBE19FE7B6800F26507 /* CoreGraphics.framework */; };
		A4EB4BC119FE7B6800F26507 /* UIKit.framework in Frameworks */ = {isa = PBXBuildFile; fileRef = A4EB4BC019FE7B6800F26507 /* UIKit.framework */; };
		A4EB4BC719FE7B6800F26507 /* InfoPlist.strings in Resources */ = {isa = PBXBuildFile; fileRef = A4EB4BC519FE7B6800F26507 /* InfoPlist.strings */; };
		A4EB4BC919FE7B6800F26507 /* main.m in Sources */ = {isa = PBXBuildFile; fileRef = A4EB4BC819FE7B6800F26507 /* main.m */; };
		A4EB4BCD19FE7B6800F26507 /* AppDelegate.m in Sources */ = {isa = PBXBuildFile; fileRef = A4EB4BCC19FE7B6800F26507 /* AppDelegate.m */; };
		A4EB4BD019FE7B6800F26507 /* Main.storyboard in Resources */ = {isa = PBXBuildFile; fileRef = A4EB4BCE19FE7B6800F26507 /* Main.storyboard */; };
		A4EB4BD319FE7B6800F26507 /* RegisterViewController.m in Sources */ = {isa = PBXBuildFile; fileRef = A4EB4BD219FE7B6800F26507 /* RegisterViewController.m */; };
		A4EB4BD519FE7B6800F26507 /* Images.xcassets in Resources */ = {isa = PBXBuildFile; fileRef = A4EB4BD419FE7B6800F26507 /* Images.xcassets */; };
		A4EB4BDC19FE7B6800F26507 /* XCTest.framework in Frameworks */ = {isa = PBXBuildFile; fileRef = A4EB4BDB19FE7B6800F26507 /* XCTest.framework */; };
		A4EB4BDD19FE7B6800F26507 /* Foundation.framework in Frameworks */ = {isa = PBXBuildFile; fileRef = A4EB4BBC19FE7B6800F26507 /* Foundation.framework */; };
		A4EB4BDE19FE7B6800F26507 /* UIKit.framework in Frameworks */ = {isa = PBXBuildFile; fileRef = A4EB4BC019FE7B6800F26507 /* UIKit.framework */; };
		A4EB4BE619FE7B6800F26507 /* InfoPlist.strings in Resources */ = {isa = PBXBuildFile; fileRef = A4EB4BE419FE7B6800F26507 /* InfoPlist.strings */; };
		A4EB4BE819FE7B6800F26507 /* iOS_Chatter_appTests.m in Sources */ = {isa = PBXBuildFile; fileRef = A4EB4BE719FE7B6800F26507 /* iOS_Chatter_appTests.m */; };
		EB4900951A0668DB004A5838 /* RoomSelectionTableViewCell.xib in Resources */ = {isa = PBXBuildFile; fileRef = EB4900941A0668DB004A5838 /* RoomSelectionTableViewCell.xib */; };
		EB4900981A066C12004A5838 /* RoomTableViewCell.m in Sources */ = {isa = PBXBuildFile; fileRef = EB4900971A066C12004A5838 /* RoomTableViewCell.m */; };
		EB49009B1A067583004A5838 /* RoomSelectionTableView.m in Sources */ = {isa = PBXBuildFile; fileRef = EB49009A1A067582004A5838 /* RoomSelectionTableView.m */; };
		EB49009D1A067E64004A5838 /* MessageTableViewCell.xib in Resources */ = {isa = PBXBuildFile; fileRef = EB49009C1A067E64004A5838 /* MessageTableViewCell.xib */; };
		EB49009F1A0681D6004A5838 /* MessageTableViewCellWithPhoto.xib in Resources */ = {isa = PBXBuildFile; fileRef = EB49009E1A0681D6004A5838 /* MessageTableViewCellWithPhoto.xib */; };
		EB4900A21A0682E2004A5838 /* MessageWithPhotoCell.m in Sources */ = {isa = PBXBuildFile; fileRef = EB4900A11A0682E2004A5838 /* MessageWithPhotoCell.m */; };
		EB4900A51A0683B4004A5838 /* MessageCell.m in Sources */ = {isa = PBXBuildFile; fileRef = EB4900A41A0683B4004A5838 /* MessageCell.m */; };
		EB4900A81A068C5C004A5838 /* ChatRoomTableView.m in Sources */ = {isa = PBXBuildFile; fileRef = EB4900A71A068C5C004A5838 /* ChatRoomTableView.m */; };
		EB6766841A08E117004199F2 /* Bolts.framework in Frameworks */ = {isa = PBXBuildFile; fileRef = EB6766821A08E117004199F2 /* Bolts.framework */; };
		EB6766851A08E117004199F2 /* Parse.framework in Frameworks */ = {isa = PBXBuildFile; fileRef = EB6766831A08E117004199F2 /* Parse.framework */; };
		EB6766871A08E294004199F2 /* AudioToolbox.framework in Frameworks */ = {isa = PBXBuildFile; fileRef = EB6766861A08E294004199F2 /* AudioToolbox.framework */; };
		EB6766891A08E2A2004199F2 /* CFNetwork.framework in Frameworks */ = {isa = PBXBuildFile; fileRef = EB6766881A08E2A2004199F2 /* CFNetwork.framework */; };
		EB67668B1A08E2EB004199F2 /* MobileCoreServices.framework in Frameworks */ = {isa = PBXBuildFile; fileRef = EB67668A1A08E2EB004199F2 /* MobileCoreServices.framework */; };
		EB67668D1A08E2FE004199F2 /* QuartzCore.framework in Frameworks */ = {isa = PBXBuildFile; fileRef = EB67668C1A08E2FE004199F2 /* QuartzCore.framework */; };
		EB67668F1A08E309004199F2 /* Security.framework in Frameworks */ = {isa = PBXBuildFile; fileRef = EB67668E1A08E309004199F2 /* Security.framework */; };
		EB6766911A08E31A004199F2 /* StoreKit.framework in Frameworks */ = {isa = PBXBuildFile; fileRef = EB6766901A08E31A004199F2 /* StoreKit.framework */; };
		EB6766931A08E327004199F2 /* SystemConfiguration.framework in Frameworks */ = {isa = PBXBuildFile; fileRef = EB6766921A08E327004199F2 /* SystemConfiguration.framework */; };
		EB6766951A08E356004199F2 /* libz.dylib in Frameworks */ = {isa = PBXBuildFile; fileRef = EB6766941A08E356004199F2 /* libz.dylib */; };
		EBEDBD541A0128FA008B2B14 /* RoomsListViewController.m in Sources */ = {isa = PBXBuildFile; fileRef = EBEDBD531A0128FA008B2B14 /* RoomsListViewController.m */; };
/* End PBXBuildFile section */

/* Begin PBXContainerItemProxy section */
		A4EB4BDF19FE7B6800F26507 /* PBXContainerItemProxy */ = {
			isa = PBXContainerItemProxy;
			containerPortal = A4EB4BB119FE7B6700F26507 /* Project object */;
			proxyType = 1;
			remoteGlobalIDString = A4EB4BB819FE7B6700F26507;
			remoteInfo = "iOS Chatter app";
		};
/* End PBXContainerItemProxy section */

/* Begin PBXFileReference section */
		3A4080B01A0BB965004FB3EE /* NotificationInvoker.h */ = {isa = PBXFileReference; fileEncoding = 4; lastKnownFileType = sourcecode.c.h; path = NotificationInvoker.h; sourceTree = "<group>"; };
		3A4080B11A0BB965004FB3EE /* NotificationInvoker.m */ = {isa = PBXFileReference; fileEncoding = 4; lastKnownFileType = sourcecode.c.objc; path = NotificationInvoker.m; sourceTree = "<group>"; };
		3AB435BC1A0E5408000F0BD8 /* CoreData.framework */ = {isa = PBXFileReference; lastKnownFileType = wrapper.framework; name = CoreData.framework; path = System/Library/Frameworks/CoreData.framework; sourceTree = SDKROOT; };
		3AB435BF1A0E57E4000F0BD8 /* CoreDataEntities.xcdatamodel */ = {isa = PBXFileReference; lastKnownFileType = wrapper.xcdatamodel; path = CoreDataEntities.xcdatamodel; sourceTree = "<group>"; };
		3AB435C11A0E6324000F0BD8 /* CoreDataChatRoom.h */ = {isa = PBXFileReference; fileEncoding = 4; lastKnownFileType = sourcecode.c.h; path = CoreDataChatRoom.h; sourceTree = "<group>"; };
		3AB435C21A0E6324000F0BD8 /* CoreDataChatRoom.m */ = {isa = PBXFileReference; fileEncoding = 4; lastKnownFileType = sourcecode.c.objc; path = CoreDataChatRoom.m; sourceTree = "<group>"; };
		A48ACBE619FF9C2A00E1D629 /* ChatViewController.h */ = {isa = PBXFileReference; fileEncoding = 4; lastKnownFileType = sourcecode.c.h; path = ChatViewController.h; sourceTree = "<group>"; };
		A48ACBE719FF9C2B00E1D629 /* ChatViewController.m */ = {isa = PBXFileReference; fileEncoding = 4; lastKnownFileType = sourcecode.c.objc; path = ChatViewController.m; sourceTree = "<group>"; };
		A48ACBE919FFA44E00E1D629 /* ServerData.h */ = {isa = PBXFileReference; fileEncoding = 4; lastKnownFileType = sourcecode.c.h; path = ServerData.h; sourceTree = "<group>"; };
		A48ACBEA19FFA44E00E1D629 /* ServerData.m */ = {isa = PBXFileReference; fileEncoding = 4; lastKnownFileType = sourcecode.c.objc; path = ServerData.m; sourceTree = "<group>"; };
		A48ACBEC19FFA4BD00E1D629 /* CameraHandler.h */ = {isa = PBXFileReference; fileEncoding = 4; lastKnownFileType = sourcecode.c.h; path = CameraHandler.h; sourceTree = "<group>"; };
		A48ACBED19FFA4BD00E1D629 /* CameraHandler.m */ = {isa = PBXFileReference; fileEncoding = 4; lastKnownFileType = sourcecode.c.objc; path = CameraHandler.m; sourceTree = "<group>"; };
		A48ACBEF19FFA5C000E1D629 /* GeoLocationHandler.h */ = {isa = PBXFileReference; fileEncoding = 4; lastKnownFileType = sourcecode.c.h; path = GeoLocationHandler.h; sourceTree = "<group>"; };
		A48ACBF019FFA5C000E1D629 /* GeoLocationHandler.m */ = {isa = PBXFileReference; fileEncoding = 4; lastKnownFileType = sourcecode.c.objc; path = GeoLocationHandler.m; sourceTree = "<group>"; };
		A48ACBF319FFA60D00E1D629 /* ChatMessage.h */ = {isa = PBXFileReference; fileEncoding = 4; lastKnownFileType = sourcecode.c.h; path = ChatMessage.h; sourceTree = "<group>"; };
		A48ACBF419FFA60D00E1D629 /* ChatMessage.m */ = {isa = PBXFileReference; fileEncoding = 4; lastKnownFileType = sourcecode.c.objc; path = ChatMessage.m; sourceTree = "<group>"; };
		A48ACBF619FFB6B200E1D629 /* ChatRooms.h */ = {isa = PBXFileReference; fileEncoding = 4; lastKnownFileType = sourcecode.c.h; path = ChatRooms.h; sourceTree = "<group>"; };
		A48ACBF719FFB6B200E1D629 /* ChatRooms.m */ = {isa = PBXFileReference; fileEncoding = 4; lastKnownFileType = sourcecode.c.objc; path = ChatRooms.m; sourceTree = "<group>"; };
		A48ACBFC19FFB9A900E1D629 /* Response.h */ = {isa = PBXFileReference; fileEncoding = 4; lastKnownFileType = sourcecode.c.h; path = Response.h; sourceTree = "<group>"; };
		A48ACBFD19FFB9A900E1D629 /* Response.m */ = {isa = PBXFileReference; fileEncoding = 4; lastKnownFileType = sourcecode.c.objc; path = Response.m; sourceTree = "<group>"; };
		A48ACBFF19FFBC6900E1D629 /* LocalData.h */ = {isa = PBXFileReference; fileEncoding = 4; lastKnownFileType = sourcecode.c.h; path = LocalData.h; sourceTree = "<group>"; };
		A48ACC0019FFBC6900E1D629 /* LocalData.m */ = {isa = PBXFileReference; fileEncoding = 4; lastKnownFileType = sourcecode.c.objc; path = LocalData.m; sourceTree = "<group>"; };
		A48ACC0219FFBFB800E1D629 /* ConnectionHandler.h */ = {isa = PBXFileReference; fileEncoding = 4; lastKnownFileType = sourcecode.c.h; path = ConnectionHandler.h; sourceTree = "<group>"; };
		A48ACC0319FFBFB800E1D629 /* ConnectionHandler.m */ = {isa = PBXFileReference; fileEncoding = 4; lastKnownFileType = sourcecode.c.objc; path = ConnectionHandler.m; sourceTree = "<group>"; };
		A4EB4BB919FE7B6700F26507 /* iOS Chatter app.app */ = {isa = PBXFileReference; explicitFileType = wrapper.application; includeInIndex = 0; path = "iOS Chatter app.app"; sourceTree = BUILT_PRODUCTS_DIR; };
		A4EB4BBC19FE7B6800F26507 /* Foundation.framework */ = {isa = PBXFileReference; lastKnownFileType = wrapper.framework; name = Foundation.framework; path = System/Library/Frameworks/Foundation.framework; sourceTree = SDKROOT; };
		A4EB4BBE19FE7B6800F26507 /* CoreGraphics.framework */ = {isa = PBXFileReference; lastKnownFileType = wrapper.framework; name = CoreGraphics.framework; path = System/Library/Frameworks/CoreGraphics.framework; sourceTree = SDKROOT; };
		A4EB4BC019FE7B6800F26507 /* UIKit.framework */ = {isa = PBXFileReference; lastKnownFileType = wrapper.framework; name = UIKit.framework; path = System/Library/Frameworks/UIKit.framework; sourceTree = SDKROOT; };
		A4EB4BC419FE7B6800F26507 /* iOS Chatter app-Info.plist */ = {isa = PBXFileReference; lastKnownFileType = text.plist.xml; path = "iOS Chatter app-Info.plist"; sourceTree = "<group>"; };
		A4EB4BC619FE7B6800F26507 /* en */ = {isa = PBXFileReference; lastKnownFileType = text.plist.strings; name = en; path = en.lproj/InfoPlist.strings; sourceTree = "<group>"; };
		A4EB4BC819FE7B6800F26507 /* main.m */ = {isa = PBXFileReference; lastKnownFileType = sourcecode.c.objc; path = main.m; sourceTree = "<group>"; };
		A4EB4BCA19FE7B6800F26507 /* iOS Chatter app-Prefix.pch */ = {isa = PBXFileReference; lastKnownFileType = sourcecode.c.h; path = "iOS Chatter app-Prefix.pch"; sourceTree = "<group>"; };
		A4EB4BCB19FE7B6800F26507 /* AppDelegate.h */ = {isa = PBXFileReference; lastKnownFileType = sourcecode.c.h; path = AppDelegate.h; sourceTree = "<group>"; };
		A4EB4BCC19FE7B6800F26507 /* AppDelegate.m */ = {isa = PBXFileReference; lastKnownFileType = sourcecode.c.objc; path = AppDelegate.m; sourceTree = "<group>"; };
		A4EB4BCF19FE7B6800F26507 /* Base */ = {isa = PBXFileReference; lastKnownFileType = file.storyboard; name = Base; path = Base.lproj/Main.storyboard; sourceTree = "<group>"; };
		A4EB4BD119FE7B6800F26507 /* RegisterViewController.h */ = {isa = PBXFileReference; lastKnownFileType = sourcecode.c.h; path = RegisterViewController.h; sourceTree = "<group>"; };
		A4EB4BD219FE7B6800F26507 /* RegisterViewController.m */ = {isa = PBXFileReference; lastKnownFileType = sourcecode.c.objc; path = RegisterViewController.m; sourceTree = "<group>"; };
		A4EB4BD419FE7B6800F26507 /* Images.xcassets */ = {isa = PBXFileReference; lastKnownFileType = folder.assetcatalog; path = Images.xcassets; sourceTree = "<group>"; };
		A4EB4BDA19FE7B6800F26507 /* iOS Chatter appTests.xctest */ = {isa = PBXFileReference; explicitFileType = wrapper.cfbundle; includeInIndex = 0; path = "iOS Chatter appTests.xctest"; sourceTree = BUILT_PRODUCTS_DIR; };
		A4EB4BDB19FE7B6800F26507 /* XCTest.framework */ = {isa = PBXFileReference; lastKnownFileType = wrapper.framework; name = XCTest.framework; path = Library/Frameworks/XCTest.framework; sourceTree = DEVELOPER_DIR; };
		A4EB4BE319FE7B6800F26507 /* iOS Chatter appTests-Info.plist */ = {isa = PBXFileReference; lastKnownFileType = text.plist.xml; path = "iOS Chatter appTests-Info.plist"; sourceTree = "<group>"; };
		A4EB4BE519FE7B6800F26507 /* en */ = {isa = PBXFileReference; lastKnownFileType = text.plist.strings; name = en; path = en.lproj/InfoPlist.strings; sourceTree = "<group>"; };
		A4EB4BE719FE7B6800F26507 /* iOS_Chatter_appTests.m */ = {isa = PBXFileReference; lastKnownFileType = sourcecode.c.objc; path = iOS_Chatter_appTests.m; sourceTree = "<group>"; };
		EB4900941A0668DB004A5838 /* RoomSelectionTableViewCell.xib */ = {isa = PBXFileReference; fileEncoding = 4; lastKnownFileType = file.xib; path = RoomSelectionTableViewCell.xib; sourceTree = "<group>"; };
		EB4900961A066C12004A5838 /* RoomTableViewCell.h */ = {isa = PBXFileReference; fileEncoding = 4; lastKnownFileType = sourcecode.c.h; path = RoomTableViewCell.h; sourceTree = "<group>"; };
		EB4900971A066C12004A5838 /* RoomTableViewCell.m */ = {isa = PBXFileReference; fileEncoding = 4; lastKnownFileType = sourcecode.c.objc; path = RoomTableViewCell.m; sourceTree = "<group>"; };
		EB4900991A067582004A5838 /* RoomSelectionTableView.h */ = {isa = PBXFileReference; fileEncoding = 4; lastKnownFileType = sourcecode.c.h; path = RoomSelectionTableView.h; sourceTree = "<group>"; };
		EB49009A1A067582004A5838 /* RoomSelectionTableView.m */ = {isa = PBXFileReference; fileEncoding = 4; lastKnownFileType = sourcecode.c.objc; path = RoomSelectionTableView.m; sourceTree = "<group>"; };
		EB49009C1A067E64004A5838 /* MessageTableViewCell.xib */ = {isa = PBXFileReference; fileEncoding = 4; lastKnownFileType = file.xib; path = MessageTableViewCell.xib; sourceTree = "<group>"; };
		EB49009E1A0681D6004A5838 /* MessageTableViewCellWithPhoto.xib */ = {isa = PBXFileReference; fileEncoding = 4; lastKnownFileType = file.xib; path = MessageTableViewCellWithPhoto.xib; sourceTree = "<group>"; };
		EB4900A01A0682E2004A5838 /* MessageWithPhotoCell.h */ = {isa = PBXFileReference; fileEncoding = 4; lastKnownFileType = sourcecode.c.h; path = MessageWithPhotoCell.h; sourceTree = "<group>"; };
		EB4900A11A0682E2004A5838 /* MessageWithPhotoCell.m */ = {isa = PBXFileReference; fileEncoding = 4; lastKnownFileType = sourcecode.c.objc; path = MessageWithPhotoCell.m; sourceTree = "<group>"; };
		EB4900A31A0683B4004A5838 /* MessageCell.h */ = {isa = PBXFileReference; fileEncoding = 4; lastKnownFileType = sourcecode.c.h; path = MessageCell.h; sourceTree = "<group>"; };
		EB4900A41A0683B4004A5838 /* MessageCell.m */ = {isa = PBXFileReference; fileEncoding = 4; lastKnownFileType = sourcecode.c.objc; path = MessageCell.m; sourceTree = "<group>"; };
		EB4900A61A068C5C004A5838 /* ChatRoomTableView.h */ = {isa = PBXFileReference; fileEncoding = 4; lastKnownFileType = sourcecode.c.h; path = ChatRoomTableView.h; sourceTree = "<group>"; };
		EB4900A71A068C5C004A5838 /* ChatRoomTableView.m */ = {isa = PBXFileReference; fileEncoding = 4; lastKnownFileType = sourcecode.c.objc; path = ChatRoomTableView.m; sourceTree = "<group>"; };
		EB6766821A08E117004199F2 /* Bolts.framework */ = {isa = PBXFileReference; lastKnownFileType = wrapper.framework; path = Bolts.framework; sourceTree = "<group>"; };
		EB6766831A08E117004199F2 /* Parse.framework */ = {isa = PBXFileReference; lastKnownFileType = wrapper.framework; path = Parse.framework; sourceTree = "<group>"; };
		EB6766861A08E294004199F2 /* AudioToolbox.framework */ = {isa = PBXFileReference; lastKnownFileType = wrapper.framework; name = AudioToolbox.framework; path = System/Library/Frameworks/AudioToolbox.framework; sourceTree = SDKROOT; };
		EB6766881A08E2A2004199F2 /* CFNetwork.framework */ = {isa = PBXFileReference; lastKnownFileType = wrapper.framework; name = CFNetwork.framework; path = System/Library/Frameworks/CFNetwork.framework; sourceTree = SDKROOT; };
		EB67668A1A08E2EB004199F2 /* MobileCoreServices.framework */ = {isa = PBXFileReference; lastKnownFileType = wrapper.framework; name = MobileCoreServices.framework; path = System/Library/Frameworks/MobileCoreServices.framework; sourceTree = SDKROOT; };
		EB67668C1A08E2FE004199F2 /* QuartzCore.framework */ = {isa = PBXFileReference; lastKnownFileType = wrapper.framework; name = QuartzCore.framework; path = System/Library/Frameworks/QuartzCore.framework; sourceTree = SDKROOT; };
		EB67668E1A08E309004199F2 /* Security.framework */ = {isa = PBXFileReference; lastKnownFileType = wrapper.framework; name = Security.framework; path = System/Library/Frameworks/Security.framework; sourceTree = SDKROOT; };
		EB6766901A08E31A004199F2 /* StoreKit.framework */ = {isa = PBXFileReference; lastKnownFileType = wrapper.framework; name = StoreKit.framework; path = System/Library/Frameworks/StoreKit.framework; sourceTree = SDKROOT; };
		EB6766921A08E327004199F2 /* SystemConfiguration.framework */ = {isa = PBXFileReference; lastKnownFileType = wrapper.framework; name = SystemConfiguration.framework; path = System/Library/Frameworks/SystemConfiguration.framework; sourceTree = SDKROOT; };
		EB6766941A08E356004199F2 /* libz.dylib */ = {isa = PBXFileReference; lastKnownFileType = "compiled.mach-o.dylib"; name = libz.dylib; path = usr/lib/libz.dylib; sourceTree = SDKROOT; };
		EBEDBD521A0128FA008B2B14 /* RoomsListViewController.h */ = {isa = PBXFileReference; fileEncoding = 4; lastKnownFileType = sourcecode.c.h; path = RoomsListViewController.h; sourceTree = "<group>"; };
		EBEDBD531A0128FA008B2B14 /* RoomsListViewController.m */ = {isa = PBXFileReference; fileEncoding = 4; lastKnownFileType = sourcecode.c.objc; path = RoomsListViewController.m; sourceTree = "<group>"; };
/* End PBXFileReference section */

/* Begin PBXFrameworksBuildPhase section */
		A4EB4BB619FE7B6700F26507 /* Frameworks */ = {
			isa = PBXFrameworksBuildPhase;
			buildActionMask = 2147483647;
			files = (
				3AB435BD1A0E5408000F0BD8 /* CoreData.framework in Frameworks */,
				EB6766951A08E356004199F2 /* libz.dylib in Frameworks */,
				EB6766931A08E327004199F2 /* SystemConfiguration.framework in Frameworks */,
				EB6766911A08E31A004199F2 /* StoreKit.framework in Frameworks */,
				EB67668F1A08E309004199F2 /* Security.framework in Frameworks */,
				EB67668D1A08E2FE004199F2 /* QuartzCore.framework in Frameworks */,
				EB67668B1A08E2EB004199F2 /* MobileCoreServices.framework in Frameworks */,
				EB6766891A08E2A2004199F2 /* CFNetwork.framework in Frameworks */,
				EB6766871A08E294004199F2 /* AudioToolbox.framework in Frameworks */,
				EB6766841A08E117004199F2 /* Bolts.framework in Frameworks */,
				A4EB4BBF19FE7B6800F26507 /* CoreGraphics.framework in Frameworks */,
				A4EB4BC119FE7B6800F26507 /* UIKit.framework in Frameworks */,
				EB6766851A08E117004199F2 /* Parse.framework in Frameworks */,
				A4EB4BBD19FE7B6800F26507 /* Foundation.framework in Frameworks */,
			);
			runOnlyForDeploymentPostprocessing = 0;
		};
		A4EB4BD719FE7B6800F26507 /* Frameworks */ = {
			isa = PBXFrameworksBuildPhase;
			buildActionMask = 2147483647;
			files = (
				A4EB4BDC19FE7B6800F26507 /* XCTest.framework in Frameworks */,
				A4EB4BDE19FE7B6800F26507 /* UIKit.framework in Frameworks */,
				A4EB4BDD19FE7B6800F26507 /* Foundation.framework in Frameworks */,
			);
			runOnlyForDeploymentPostprocessing = 0;
		};
/* End PBXFrameworksBuildPhase section */

/* Begin PBXGroup section */
		A48ACBE119FF981B00E1D629 /* VC */ = {
			isa = PBXGroup;
			children = (
				EB4900901A066492004A5838 /* ChatRoom */,
				EB49008F1A066479004A5838 /* RoomSelection */,
				A4EB4BD119FE7B6800F26507 /* RegisterViewController.h */,
				A4EB4BD219FE7B6800F26507 /* RegisterViewController.m */,
			);
			name = VC;
			sourceTree = "<group>";
		};
		A48ACBE219FF997400E1D629 /* Logic */ = {
			isa = PBXGroup;
			children = (
				A48ACBE919FFA44E00E1D629 /* ServerData.h */,
				A48ACBEA19FFA44E00E1D629 /* ServerData.m */,
				A48ACBFF19FFBC6900E1D629 /* LocalData.h */,
				A48ACC0019FFBC6900E1D629 /* LocalData.m */,
				A48ACBEC19FFA4BD00E1D629 /* CameraHandler.h */,
				A48ACBED19FFA4BD00E1D629 /* CameraHandler.m */,
				A48ACBEF19FFA5C000E1D629 /* GeoLocationHandler.h */,
				A48ACBF019FFA5C000E1D629 /* GeoLocationHandler.m */,
				A48ACC0219FFBFB800E1D629 /* ConnectionHandler.h */,
				A48ACC0319FFBFB800E1D629 /* ConnectionHandler.m */,
				3A4080B01A0BB965004FB3EE /* NotificationInvoker.h */,
				3A4080B11A0BB965004FB3EE /* NotificationInvoker.m */,
			);
			name = Logic;
			sourceTree = "<group>";
		};
		A48ACBF219FFA5ED00E1D629 /* Types */ = {
			isa = PBXGroup;
			children = (
				A48ACBF319FFA60D00E1D629 /* ChatMessage.h */,
				A48ACBF419FFA60D00E1D629 /* ChatMessage.m */,
				A48ACBF619FFB6B200E1D629 /* ChatRooms.h */,
				A48ACBF719FFB6B200E1D629 /* ChatRooms.m */,
				A48ACBFC19FFB9A900E1D629 /* Response.h */,
				A48ACBFD19FFB9A900E1D629 /* Response.m */,
				3AB435BE1A0E57E4000F0BD8 /* CoreDataEntities.xcdatamodeld */,
				3AB435C11A0E6324000F0BD8 /* CoreDataChatRoom.h */,
				3AB435C21A0E6324000F0BD8 /* CoreDataChatRoom.m */,
			);
			name = Types;
			sourceTree = "<group>";
		};
		A4EB4BB019FE7B6700F26507 = {
			isa = PBXGroup;
			children = (
				A4EB4BC219FE7B6800F26507 /* iOS Chatter app */,
				A4EB4BE119FE7B6800F26507 /* iOS Chatter appTests */,
				A4EB4BBB19FE7B6800F26507 /* Frameworks */,
				A4EB4BBA19FE7B6700F26507 /* Products */,
			);
			sourceTree = "<group>";
		};
		A4EB4BBA19FE7B6700F26507 /* Products */ = {
			isa = PBXGroup;
			children = (
				A4EB4BB919FE7B6700F26507 /* iOS Chatter app.app */,
				A4EB4BDA19FE7B6800F26507 /* iOS Chatter appTests.xctest */,
			);
			name = Products;
			sourceTree = "<group>";
		};
		A4EB4BBB19FE7B6800F26507 /* Frameworks */ = {
			isa = PBXGroup;
			children = (
				3AB435BC1A0E5408000F0BD8 /* CoreData.framework */,
				EB6766941A08E356004199F2 /* libz.dylib */,
				EB6766921A08E327004199F2 /* SystemConfiguration.framework */,
				EB6766901A08E31A004199F2 /* StoreKit.framework */,
				EB67668E1A08E309004199F2 /* Security.framework */,
				EB67668C1A08E2FE004199F2 /* QuartzCore.framework */,
				EB67668A1A08E2EB004199F2 /* MobileCoreServices.framework */,
				EB6766881A08E2A2004199F2 /* CFNetwork.framework */,
				EB6766861A08E294004199F2 /* AudioToolbox.framework */,
				EB6766821A08E117004199F2 /* Bolts.framework */,
				EB6766831A08E117004199F2 /* Parse.framework */,
				A4EB4BBC19FE7B6800F26507 /* Foundation.framework */,
				A4EB4BBE19FE7B6800F26507 /* CoreGraphics.framework */,
				A4EB4BC019FE7B6800F26507 /* UIKit.framework */,
				A4EB4BDB19FE7B6800F26507 /* XCTest.framework */,
			);
			name = Frameworks;
			sourceTree = "<group>";
		};
		A4EB4BC219FE7B6800F26507 /* iOS Chatter app */ = {
			isa = PBXGroup;
			children = (
				EB7AB1521A01182A00491EC2 /* Views */,
				A48ACBF219FFA5ED00E1D629 /* Types */,
				A48ACBE219FF997400E1D629 /* Logic */,
				A48ACBE119FF981B00E1D629 /* VC */,
				A4EB4BCB19FE7B6800F26507 /* AppDelegate.h */,
				A4EB4BCC19FE7B6800F26507 /* AppDelegate.m */,
				A4EB4BCE19FE7B6800F26507 /* Main.storyboard */,
				A4EB4BD419FE7B6800F26507 /* Images.xcassets */,
				A4EB4BC319FE7B6800F26507 /* Supporting Files */,
			);
			path = "iOS Chatter app";
			sourceTree = "<group>";
		};
		A4EB4BC319FE7B6800F26507 /* Supporting Files */ = {
			isa = PBXGroup;
			children = (
				A4EB4BC419FE7B6800F26507 /* iOS Chatter app-Info.plist */,
				A4EB4BC519FE7B6800F26507 /* InfoPlist.strings */,
				A4EB4BC819FE7B6800F26507 /* main.m */,
				A4EB4BCA19FE7B6800F26507 /* iOS Chatter app-Prefix.pch */,
			);
			name = "Supporting Files";
			sourceTree = "<group>";
		};
		A4EB4BE119FE7B6800F26507 /* iOS Chatter appTests */ = {
			isa = PBXGroup;
			children = (
				A4EB4BE719FE7B6800F26507 /* iOS_Chatter_appTests.m */,
				A4EB4BE219FE7B6800F26507 /* Supporting Files */,
			);
			path = "iOS Chatter appTests";
			sourceTree = "<group>";
		};
		A4EB4BE219FE7B6800F26507 /* Supporting Files */ = {
			isa = PBXGroup;
			children = (
				A4EB4BE319FE7B6800F26507 /* iOS Chatter appTests-Info.plist */,
				A4EB4BE419FE7B6800F26507 /* InfoPlist.strings */,
			);
			name = "Supporting Files";
			sourceTree = "<group>";
		};
		EB49008F1A066479004A5838 /* RoomSelection */ = {
			isa = PBXGroup;
			children = (
				EBEDBD521A0128FA008B2B14 /* RoomsListViewController.h */,
				EBEDBD531A0128FA008B2B14 /* RoomsListViewController.m */,
				EB4900961A066C12004A5838 /* RoomTableViewCell.h */,
				EB4900971A066C12004A5838 /* RoomTableViewCell.m */,
				EB4900991A067582004A5838 /* RoomSelectionTableView.h */,
				EB49009A1A067582004A5838 /* RoomSelectionTableView.m */,
			);
			name = RoomSelection;
			sourceTree = "<group>";
		};
		EB4900901A066492004A5838 /* ChatRoom */ = {
			isa = PBXGroup;
			children = (
				A48ACBE619FF9C2A00E1D629 /* ChatViewController.h */,
				A48ACBE719FF9C2B00E1D629 /* ChatViewController.m */,
				EB4900A01A0682E2004A5838 /* MessageWithPhotoCell.h */,
				EB4900A11A0682E2004A5838 /* MessageWithPhotoCell.m */,
				EB4900A31A0683B4004A5838 /* MessageCell.h */,
				EB4900A41A0683B4004A5838 /* MessageCell.m */,
				EB4900A61A068C5C004A5838 /* ChatRoomTableView.h */,
				EB4900A71A068C5C004A5838 /* ChatRoomTableView.m */,
			);
			name = ChatRoom;
			sourceTree = "<group>";
		};
		EB7AB1521A01182A00491EC2 /* Views */ = {
			isa = PBXGroup;
			children = (
				EB4900941A0668DB004A5838 /* RoomSelectionTableViewCell.xib */,
				EB49009C1A067E64004A5838 /* MessageTableViewCell.xib */,
				EB49009E1A0681D6004A5838 /* MessageTableViewCellWithPhoto.xib */,
			);
			name = Views;
			sourceTree = "<group>";
		};
/* End PBXGroup section */

/* Begin PBXNativeTarget section */
		A4EB4BB819FE7B6700F26507 /* iOS Chatter app */ = {
			isa = PBXNativeTarget;
			buildConfigurationList = A4EB4BEB19FE7B6800F26507 /* Build configuration list for PBXNativeTarget "iOS Chatter app" */;
			buildPhases = (
				A4EB4BB519FE7B6700F26507 /* Sources */,
				A4EB4BB619FE7B6700F26507 /* Frameworks */,
				A4EB4BB719FE7B6700F26507 /* Resources */,
			);
			buildRules = (
			);
			dependencies = (
			);
			name = "iOS Chatter app";
			productName = "iOS Chatter app";
			productReference = A4EB4BB919FE7B6700F26507 /* iOS Chatter app.app */;
			productType = "com.apple.product-type.application";
		};
		A4EB4BD919FE7B6800F26507 /* iOS Chatter appTests */ = {
			isa = PBXNativeTarget;
			buildConfigurationList = A4EB4BEE19FE7B6800F26507 /* Build configuration list for PBXNativeTarget "iOS Chatter appTests" */;
			buildPhases = (
				A4EB4BD619FE7B6800F26507 /* Sources */,
				A4EB4BD719FE7B6800F26507 /* Frameworks */,
				A4EB4BD819FE7B6800F26507 /* Resources */,
			);
			buildRules = (
			);
			dependencies = (
				A4EB4BE019FE7B6800F26507 /* PBXTargetDependency */,
			);
			name = "iOS Chatter appTests";
			productName = "iOS Chatter appTests";
			productReference = A4EB4BDA19FE7B6800F26507 /* iOS Chatter appTests.xctest */;
			productType = "com.apple.product-type.bundle.unit-test";
		};
/* End PBXNativeTarget section */

/* Begin PBXProject section */
		A4EB4BB119FE7B6700F26507 /* Project object */ = {
			isa = PBXProject;
			attributes = {
				LastUpgradeCheck = 0610;
				ORGANIZATIONNAME = Siko;
				TargetAttributes = {
					A4EB4BD919FE7B6800F26507 = {
						TestTargetID = A4EB4BB819FE7B6700F26507;
					};
				};
			};
			buildConfigurationList = A4EB4BB419FE7B6700F26507 /* Build configuration list for PBXProject "iOS Chatter app" */;
			compatibilityVersion = "Xcode 3.2";
			developmentRegion = English;
			hasScannedForEncodings = 0;
			knownRegions = (
				en,
				Base,
			);
			mainGroup = A4EB4BB019FE7B6700F26507;
			productRefGroup = A4EB4BBA19FE7B6700F26507 /* Products */;
			projectDirPath = "";
			projectRoot = "";
			targets = (
				A4EB4BB819FE7B6700F26507 /* iOS Chatter app */,
				A4EB4BD919FE7B6800F26507 /* iOS Chatter appTests */,
			);
		};
/* End PBXProject section */

/* Begin PBXResourcesBuildPhase section */
		A4EB4BB719FE7B6700F26507 /* Resources */ = {
			isa = PBXResourcesBuildPhase;
			buildActionMask = 2147483647;
			files = (
				EB49009F1A0681D6004A5838 /* MessageTableViewCellWithPhoto.xib in Resources */,
				A4EB4BD519FE7B6800F26507 /* Images.xcassets in Resources */,
				EB4900951A0668DB004A5838 /* RoomSelectionTableViewCell.xib in Resources */,
				EB49009D1A067E64004A5838 /* MessageTableViewCell.xib in Resources */,
				A4EB4BC719FE7B6800F26507 /* InfoPlist.strings in Resources */,
				A4EB4BD019FE7B6800F26507 /* Main.storyboard in Resources */,
			);
			runOnlyForDeploymentPostprocessing = 0;
		};
		A4EB4BD819FE7B6800F26507 /* Resources */ = {
			isa = PBXResourcesBuildPhase;
			buildActionMask = 2147483647;
			files = (
				A4EB4BE619FE7B6800F26507 /* InfoPlist.strings in Resources */,
			);
			runOnlyForDeploymentPostprocessing = 0;
		};
/* End PBXResourcesBuildPhase section */

/* Begin PBXSourcesBuildPhase section */
		A4EB4BB519FE7B6700F26507 /* Sources */ = {
			isa = PBXSourcesBuildPhase;
			buildActionMask = 2147483647;
			files = (
				A48ACC0419FFBFB800E1D629 /* ConnectionHandler.m in Sources */,
				3AB435C01A0E57E4000F0BD8 /* CoreDataEntities.xcdatamodeld in Sources */,
				A48ACBEE19FFA4BD00E1D629 /* CameraHandler.m in Sources */,
				A48ACBF119FFA5C000E1D629 /* GeoLocationHandler.m in Sources */,
				EBEDBD541A0128FA008B2B14 /* RoomsListViewController.m in Sources */,
				EB4900A21A0682E2004A5838 /* MessageWithPhotoCell.m in Sources */,
				A4EB4BD319FE7B6800F26507 /* RegisterViewController.m in Sources */,
				3A4080B21A0BB965004FB3EE /* NotificationInvoker.m in Sources */,
				A48ACBF519FFA60D00E1D629 /* ChatMessage.m in Sources */,
				A48ACBFE19FFB9A900E1D629 /* Response.m in Sources */,
				3AB435C31A0E6324000F0BD8 /* CoreDataChatRoom.m in Sources */,
				A48ACBEB19FFA44E00E1D629 /* ServerData.m in Sources */,
				A4EB4BCD19FE7B6800F26507 /* AppDelegate.m in Sources */,
				A48ACBE819FF9C2B00E1D629 /* ChatViewController.m in Sources */,
				A48ACC0119FFBC6900E1D629 /* LocalData.m in Sources */,
				A4EB4BC919FE7B6800F26507 /* main.m in Sources */,
				A48ACBF819FFB6B200E1D629 /* ChatRooms.m in Sources */,
				EB4900A51A0683B4004A5838 /* MessageCell.m in Sources */,
				EB49009B1A067583004A5838 /* RoomSelectionTableView.m in Sources */,
				EB4900A81A068C5C004A5838 /* ChatRoomTableView.m in Sources */,
				EB4900981A066C12004A5838 /* RoomTableViewCell.m in Sources */,
			);
			runOnlyForDeploymentPostprocessing = 0;
		};
		A4EB4BD619FE7B6800F26507 /* Sources */ = {
			isa = PBXSourcesBuildPhase;
			buildActionMask = 2147483647;
			files = (
				A4EB4BE819FE7B6800F26507 /* iOS_Chatter_appTests.m in Sources */,
			);
			runOnlyForDeploymentPostprocessing = 0;
		};
/* End PBXSourcesBuildPhase section */

/* Begin PBXTargetDependency section */
		A4EB4BE019FE7B6800F26507 /* PBXTargetDependency */ = {
			isa = PBXTargetDependency;
			target = A4EB4BB819FE7B6700F26507 /* iOS Chatter app */;
			targetProxy = A4EB4BDF19FE7B6800F26507 /* PBXContainerItemProxy */;
		};
/* End PBXTargetDependency section */

/* Begin PBXVariantGroup section */
		A4EB4BC519FE7B6800F26507 /* InfoPlist.strings */ = {
			isa = PBXVariantGroup;
			children = (
				A4EB4BC619FE7B6800F26507 /* en */,
			);
			name = InfoPlist.strings;
			sourceTree = "<group>";
		};
		A4EB4BCE19FE7B6800F26507 /* Main.storyboard */ = {
			isa = PBXVariantGroup;
			children = (
				A4EB4BCF19FE7B6800F26507 /* Base */,
			);
			name = Main.storyboard;
			sourceTree = "<group>";
		};
		A4EB4BE419FE7B6800F26507 /* InfoPlist.strings */ = {
			isa = PBXVariantGroup;
			children = (
				A4EB4BE519FE7B6800F26507 /* en */,
			);
			name = InfoPlist.strings;
			sourceTree = "<group>";
		};
/* End PBXVariantGroup section */

/* Begin XCBuildConfiguration section */
		A4EB4BE919FE7B6800F26507 /* Debug */ = {
			isa = XCBuildConfiguration;
			buildSettings = {
				ALWAYS_SEARCH_USER_PATHS = NO;
				CLANG_CXX_LANGUAGE_STANDARD = "gnu++0x";
				CLANG_CXX_LIBRARY = "libc++";
				CLANG_ENABLE_MODULES = YES;
				CLANG_ENABLE_OBJC_ARC = YES;
				CLANG_WARN_BOOL_CONVERSION = YES;
				CLANG_WARN_CONSTANT_CONVERSION = YES;
				CLANG_WARN_DIRECT_OBJC_ISA_USAGE = YES_ERROR;
				CLANG_WARN_EMPTY_BODY = YES;
				CLANG_WARN_ENUM_CONVERSION = YES;
				CLANG_WARN_INT_CONVERSION = YES;
				CLANG_WARN_OBJC_ROOT_CLASS = YES_ERROR;
				CLANG_WARN__DUPLICATE_METHOD_MATCH = YES;
				"CODE_SIGN_IDENTITY[sdk=iphoneos*]" = "iPhone Developer";
				COPY_PHASE_STRIP = NO;
				GCC_C_LANGUAGE_STANDARD = gnu99;
				GCC_DYNAMIC_NO_PIC = NO;
				GCC_OPTIMIZATION_LEVEL = 0;
				GCC_PREPROCESSOR_DEFINITIONS = (
					"DEBUG=1",
					"$(inherited)",
				);
				GCC_SYMBOLS_PRIVATE_EXTERN = NO;
				GCC_WARN_64_TO_32_BIT_CONVERSION = YES;
				GCC_WARN_ABOUT_RETURN_TYPE = YES_ERROR;
				GCC_WARN_UNDECLARED_SELECTOR = YES;
				GCC_WARN_UNINITIALIZED_AUTOS = YES;
				GCC_WARN_UNUSED_FUNCTION = YES;
				GCC_WARN_UNUSED_VARIABLE = YES;
				IPHONEOS_DEPLOYMENT_TARGET = 7.0;
				ONLY_ACTIVE_ARCH = YES;
				SDKROOT = iphoneos;
			};
			name = Debug;
		};
		A4EB4BEA19FE7B6800F26507 /* Release */ = {
			isa = XCBuildConfiguration;
			buildSettings = {
				ALWAYS_SEARCH_USER_PATHS = NO;
				CLANG_CXX_LANGUAGE_STANDARD = "gnu++0x";
				CLANG_CXX_LIBRARY = "libc++";
				CLANG_ENABLE_MODULES = YES;
				CLANG_ENABLE_OBJC_ARC = YES;
				CLANG_WARN_BOOL_CONVERSION = YES;
				CLANG_WARN_CONSTANT_CONVERSION = YES;
				CLANG_WARN_DIRECT_OBJC_ISA_USAGE = YES_ERROR;
				CLANG_WARN_EMPTY_BODY = YES;
				CLANG_WARN_ENUM_CONVERSION = YES;
				CLANG_WARN_INT_CONVERSION = YES;
				CLANG_WARN_OBJC_ROOT_CLASS = YES_ERROR;
				CLANG_WARN__DUPLICATE_METHOD_MATCH = YES;
				"CODE_SIGN_IDENTITY[sdk=iphoneos*]" = "iPhone Developer";
				COPY_PHASE_STRIP = YES;
				ENABLE_NS_ASSERTIONS = NO;
				GCC_C_LANGUAGE_STANDARD = gnu99;
				GCC_WARN_64_TO_32_BIT_CONVERSION = YES;
				GCC_WARN_ABOUT_RETURN_TYPE = YES_ERROR;
				GCC_WARN_UNDECLARED_SELECTOR = YES;
				GCC_WARN_UNINITIALIZED_AUTOS = YES;
				GCC_WARN_UNUSED_FUNCTION = YES;
				GCC_WARN_UNUSED_VARIABLE = YES;
				IPHONEOS_DEPLOYMENT_TARGET = 7.0;
				SDKROOT = iphoneos;
				VALIDATE_PRODUCT = YES;
			};
			name = Release;
		};
		A4EB4BEC19FE7B6800F26507 /* Debug */ = {
			isa = XCBuildConfiguration;
			buildSettings = {
				ASSETCATALOG_COMPILER_APPICON_NAME = AppIcon;
				ASSETCATALOG_COMPILER_LAUNCHIMAGE_NAME = LaunchImage;
				FRAMEWORK_SEARCH_PATHS = (
					"$(inherited)",
					"$(PROJECT_DIR)",
				);
				GCC_PRECOMPILE_PREFIX_HEADER = YES;
				GCC_PREFIX_HEADER = "iOS Chatter app/iOS Chatter app-Prefix.pch";
				INFOPLIST_FILE = "iOS Chatter app/iOS Chatter app-Info.plist";
				PRODUCT_NAME = "$(TARGET_NAME)";
				WRAPPER_EXTENSION = app;
			};
			name = Debug;
		};
		A4EB4BED19FE7B6800F26507 /* Release */ = {
			isa = XCBuildConfiguration;
			buildSettings = {
				ASSETCATALOG_COMPILER_APPICON_NAME = AppIcon;
				ASSETCATALOG_COMPILER_LAUNCHIMAGE_NAME = LaunchImage;
				FRAMEWORK_SEARCH_PATHS = (
					"$(inherited)",
					"$(PROJECT_DIR)",
				);
				GCC_PRECOMPILE_PREFIX_HEADER = YES;
				GCC_PREFIX_HEADER = "iOS Chatter app/iOS Chatter app-Prefix.pch";
				INFOPLIST_FILE = "iOS Chatter app/iOS Chatter app-Info.plist";
				PRODUCT_NAME = "$(TARGET_NAME)";
				WRAPPER_EXTENSION = app;
			};
			name = Release;
		};
		A4EB4BEF19FE7B6800F26507 /* Debug */ = {
			isa = XCBuildConfiguration;
			buildSettings = {
				BUNDLE_LOADER = "$(BUILT_PRODUCTS_DIR)/iOS Chatter app.app/iOS Chatter app";
				FRAMEWORK_SEARCH_PATHS = (
					"$(SDKROOT)/Developer/Library/Frameworks",
					"$(inherited)",
					"$(DEVELOPER_FRAMEWORKS_DIR)",
				);
				GCC_PRECOMPILE_PREFIX_HEADER = YES;
				GCC_PREFIX_HEADER = "iOS Chatter app/iOS Chatter app-Prefix.pch";
				GCC_PREPROCESSOR_DEFINITIONS = (
					"DEBUG=1",
					"$(inherited)",
				);
				INFOPLIST_FILE = "iOS Chatter appTests/iOS Chatter appTests-Info.plist";
				PRODUCT_NAME = "$(TARGET_NAME)";
				TEST_HOST = "$(BUNDLE_LOADER)";
				WRAPPER_EXTENSION = xctest;
			};
			name = Debug;
		};
		A4EB4BF019FE7B6800F26507 /* Release */ = {
			isa = XCBuildConfiguration;
			buildSettings = {
				BUNDLE_LOADER = "$(BUILT_PRODUCTS_DIR)/iOS Chatter app.app/iOS Chatter app";
				FRAMEWORK_SEARCH_PATHS = (
					"$(SDKROOT)/Developer/Library/Frameworks",
					"$(inherited)",
					"$(DEVELOPER_FRAMEWORKS_DIR)",
				);
				GCC_PRECOMPILE_PREFIX_HEADER = YES;
				GCC_PREFIX_HEADER = "iOS Chatter app/iOS Chatter app-Prefix.pch";
				INFOPLIST_FILE = "iOS Chatter appTests/iOS Chatter appTests-Info.plist";
				PRODUCT_NAME = "$(TARGET_NAME)";
				TEST_HOST = "$(BUNDLE_LOADER)";
				WRAPPER_EXTENSION = xctest;
			};
			name = Release;
		};
/* End XCBuildConfiguration section */

/* Begin XCConfigurationList section */
		A4EB4BB419FE7B6700F26507 /* Build configuration list for PBXProject "iOS Chatter app" */ = {
			isa = XCConfigurationList;
			buildConfigurations = (
				A4EB4BE919FE7B6800F26507 /* Debug */,
				A4EB4BEA19FE7B6800F26507 /* Release */,
			);
			defaultConfigurationIsVisible = 0;
			defaultConfigurationName = Release;
		};
		A4EB4BEB19FE7B6800F26507 /* Build configuration list for PBXNativeTarget "iOS Chatter app" */ = {
			isa = XCConfigurationList;
			buildConfigurations = (
				A4EB4BEC19FE7B6800F26507 /* Debug */,
				A4EB4BED19FE7B6800F26507 /* Release */,
			);
			defaultConfigurationIsVisible = 0;
			defaultConfigurationName = Release;
		};
		A4EB4BEE19FE7B6800F26507 /* Build configuration list for PBXNativeTarget "iOS Chatter appTests" */ = {
			isa = XCConfigurationList;
			buildConfigurations = (
				A4EB4BEF19FE7B6800F26507 /* Debug */,
				A4EB4BF019FE7B6800F26507 /* Release */,
			);
			defaultConfigurationIsVisible = 0;
			defaultConfigurationName = Release;
		};
/* End XCConfigurationList section */

/* Begin XCVersionGroup section */
		3AB435BE1A0E57E4000F0BD8 /* CoreDataEntities.xcdatamodeld */ = {
			isa = XCVersionGroup;
			children = (
				3AB435BF1A0E57E4000F0BD8 /* CoreDataEntities.xcdatamodel */,
			);
			currentVersion = 3AB435BF1A0E57E4000F0BD8 /* CoreDataEntities.xcdatamodel */;
			path = CoreDataEntities.xcdatamodeld;
			sourceTree = "<group>";
			versionGroupType = wrapper.xcdatamodel;
		};
/* End XCVersionGroup section */
	};
	rootObject = A4EB4BB119FE7B6700F26507 /* Project object */;
}
